
Microsoft Visual Studio Solution File, Format Version 12.00
# Visual Studio 15
VisualStudioVersion = 15.0.28010.2026
MinimumVisualStudioVersion = 10.0.40219.1
Project("{FAE04EC0-301F-11D3-BF4B-00C04F79EFBC}") = "NuGet", "NuGet\NuGet.csproj", "{E7F0AF4D-9F4A-4B32-9C73-298576B5BFD7}"
EndProject
Global
	GlobalSection(SolutionConfigurationPlatforms) = preSolution
		Debug|Any CPU = Debug|Any CPU
		Release|Any CPU = Release|Any CPU
	EndGlobalSection
	GlobalSection(ProjectConfigurationPlatforms) = postSolution
		{E7F0AF4D-9F4A-4B32-9C73-298576B5BFD7}.Debug|Any CPU.ActiveCfg = Debug|Any CPU
		{E7F0AF4D-9F4A-4B32-9C73-298576B5BFD7}.Debug|Any CPU.Build.0 = Debug|Any CPU
		{E7F0AF4D-9F4A-4B32-9C73-298576B5BFD7}.Release|Any CPU.ActiveCfg = Release|Any CPU
		{E7F0AF4D-9F4A-4B32-9C73-298576B5BFD7}.Release|Any CPU.Build.0 = Release|Any CPU
	EndGlobalSection
	GlobalSection(SolutionProperties) = preSolution
		HideSolutionNode = FALSE
	EndGlobalSection
	GlobalSection(ExtensibilityGlobals) = postSolution
		SolutionGuid = {6256DF95-BE05-4E75-976C-36293D13C0F2}
	EndGlobalSection
EndGlobal
